// !$*UTF8*$!
{
	archiveVersion = 1;
	classes = {
	};
	objectVersion = 55;
	objects = {

/* Begin PBXBuildFile section */
		04119D1027CF51B200C102EA /* CoinData.swift in Sources */ = {isa = PBXBuildFile; fileRef = 04119D0F27CF51B200C102EA /* CoinData.swift */; };
		04119D1227CF51C100C102EA /* Manager.swift in Sources */ = {isa = PBXBuildFile; fileRef = 04119D1127CF51C100C102EA /* Manager.swift */; };
		0419593027CF82A100C63333 /* CoinModel.swift in Sources */ = {isa = PBXBuildFile; fileRef = 0419592F27CF82A100C63333 /* CoinModel.swift */; };
		047C6D1227CE52C500A10AD0 /* AppDelegate.swift in Sources */ = {isa = PBXBuildFile; fileRef = 047C6D1127CE52C500A10AD0 /* AppDelegate.swift */; };
		047C6D1427CE52C500A10AD0 /* SceneDelegate.swift in Sources */ = {isa = PBXBuildFile; fileRef = 047C6D1327CE52C500A10AD0 /* SceneDelegate.swift */; };
		047C6D1627CE52C500A10AD0 /* ViewController.swift in Sources */ = {isa = PBXBuildFile; fileRef = 047C6D1527CE52C500A10AD0 /* ViewController.swift */; };
		047C6D1927CE52C500A10AD0 /* Main.storyboard in Resources */ = {isa = PBXBuildFile; fileRef = 047C6D1727CE52C500A10AD0 /* Main.storyboard */; };
		047C6D1B27CE52C700A10AD0 /* Assets.xcassets in Resources */ = {isa = PBXBuildFile; fileRef = 047C6D1A27CE52C700A10AD0 /* Assets.xcassets */; };
		047C6D1E27CE52C700A10AD0 /* LaunchScreen.storyboard in Resources */ = {isa = PBXBuildFile; fileRef = 047C6D1C27CE52C700A10AD0 /* LaunchScreen.storyboard */; };
		047C6D2927CE52C800A10AD0 /* CoinTests.swift in Sources */ = {isa = PBXBuildFile; fileRef = 047C6D2827CE52C800A10AD0 /* CoinTests.swift */; };
		047C6D3327CE52C800A10AD0 /* CoinUITests.swift in Sources */ = {isa = PBXBuildFile; fileRef = 047C6D3227CE52C800A10AD0 /* CoinUITests.swift */; };
		047C6D3527CE52C800A10AD0 /* CoinUITestsLaunchTests.swift in Sources */ = {isa = PBXBuildFile; fileRef = 047C6D3427CE52C800A10AD0 /* CoinUITestsLaunchTests.swift */; };
/* End PBXBuildFile section */

/* Begin PBXContainerItemProxy section */
		047C6D2527CE52C800A10AD0 /* PBXContainerItemProxy */ = {
			isa = PBXContainerItemProxy;
			containerPortal = 047C6D0627CE52C500A10AD0 /* Project object */;
			proxyType = 1;
			remoteGlobalIDString = 047C6D0D27CE52C500A10AD0;
			remoteInfo = Coin;
		};
		047C6D2F27CE52C800A10AD0 /* PBXContainerItemProxy */ = {
			isa = PBXContainerItemProxy;
			containerPortal = 047C6D0627CE52C500A10AD0 /* Project object */;
			proxyType = 1;
			remoteGlobalIDString = 047C6D0D27CE52C500A10AD0;
			remoteInfo = Coin;
		};
/* End PBXContainerItemProxy section */

/* Begin PBXFileReference section */
		04119D0F27CF51B200C102EA /* CoinData.swift */ = {isa = PBXFileReference; lastKnownFileType = sourcecode.swift; path = CoinData.swift; sourceTree = "<group>"; };
		04119D1127CF51C100C102EA /* Manager.swift */ = {isa = PBXFileReference; lastKnownFileType = sourcecode.swift; path = Manager.swift; sourceTree = "<group>"; };
		0419592F27CF82A100C63333 /* CoinModel.swift */ = {isa = PBXFileReference; lastKnownFileType = sourcecode.swift; path = CoinModel.swift; sourceTree = "<group>"; };
		047C6D0E27CE52C500A10AD0 /* Coin.app */ = {isa = PBXFileReference; explicitFileType = wrapper.application; includeInIndex = 0; path = Coin.app; sourceTree = BUILT_PRODUCTS_DIR; };
		047C6D1127CE52C500A10AD0 /* AppDelegate.swift */ = {isa = PBXFileReference; lastKnownFileType = sourcecode.swift; path = AppDelegate.swift; sourceTree = "<group>"; };
		047C6D1327CE52C500A10AD0 /* SceneDelegate.swift */ = {isa = PBXFileReference; lastKnownFileType = sourcecode.swift; path = SceneDelegate.swift; sourceTree = "<group>"; };
		047C6D1527CE52C500A10AD0 /* ViewController.swift */ = {isa = PBXFileReference; lastKnownFileType = sourcecode.swift; path = ViewController.swift; sourceTree = "<group>"; };
		047C6D1827CE52C500A10AD0 /* Base */ = {isa = PBXFileReference; lastKnownFileType = file.storyboard; name = Base; path = Base.lproj/Main.storyboard; sourceTree = "<group>"; };
		047C6D1A27CE52C700A10AD0 /* Assets.xcassets */ = {isa = PBXFileReference; lastKnownFileType = folder.assetcatalog; path = Assets.xcassets; sourceTree = "<group>"; };
		047C6D1D27CE52C700A10AD0 /* Base */ = {isa = PBXFileReference; lastKnownFileType = file.storyboard; name = Base; path = Base.lproj/LaunchScreen.storyboard; sourceTree = "<group>"; };
		047C6D1F27CE52C700A10AD0 /* Info.plist */ = {isa = PBXFileReference; lastKnownFileType = text.plist.xml; path = Info.plist; sourceTree = "<group>"; };
		047C6D2427CE52C800A10AD0 /* CoinTests.xctest */ = {isa = PBXFileReference; explicitFileType = wrapper.cfbundle; includeInIndex = 0; path = CoinTests.xctest; sourceTree = BUILT_PRODUCTS_DIR; };
		047C6D2827CE52C800A10AD0 /* CoinTests.swift */ = {isa = PBXFileReference; lastKnownFileType = sourcecode.swift; path = CoinTests.swift; sourceTree = "<group>"; };
		047C6D2E27CE52C800A10AD0 /* CoinUITests.xctest */ = {isa = PBXFileReference; explicitFileType = wrapper.cfbundle; includeInIndex = 0; path = CoinUITests.xctest; sourceTree = BUILT_PRODUCTS_DIR; };
		047C6D3227CE52C800A10AD0 /* CoinUITests.swift */ = {isa = PBXFileReference; lastKnownFileType = sourcecode.swift; path = CoinUITests.swift; sourceTree = "<group>"; };
		047C6D3427CE52C800A10AD0 /* CoinUITestsLaunchTests.swift */ = {isa = PBXFileReference; lastKnownFileType = sourcecode.swift; path = CoinUITestsLaunchTests.swift; sourceTree = "<group>"; };
/* End PBXFileReference section */

/* Begin PBXFrameworksBuildPhase section */
		047C6D0B27CE52C500A10AD0 /* Frameworks */ = {
			isa = PBXFrameworksBuildPhase;
			buildActionMask = 2147483647;
			files = (
			);
			runOnlyForDeploymentPostprocessing = 0;
		};
		047C6D2127CE52C800A10AD0 /* Frameworks */ = {
			isa = PBXFrameworksBuildPhase;
			buildActionMask = 2147483647;
			files = (
			);
			runOnlyForDeploymentPostprocessing = 0;
		};
		047C6D2B27CE52C800A10AD0 /* Frameworks */ = {
			isa = PBXFrameworksBuildPhase;
			buildActionMask = 2147483647;
			files = (
			);
			runOnlyForDeploymentPostprocessing = 0;
		};
/* End PBXFrameworksBuildPhase section */

/* Begin PBXGroup section */
		04119D0E27CF519100C102EA /* Model */ = {
			isa = PBXGroup;
			children = (
				047C6D1727CE52C500A10AD0 /* Main.storyboard */,
				04119D0F27CF51B200C102EA /* CoinData.swift */,
				04119D1127CF51C100C102EA /* Manager.swift */,
			);
			path = Model;
			sourceTree = "<group>";
		};
		04119D1327CF51CE00C102EA /* Controller */ = {
			isa = PBXGroup;
			children = (
				047C6D1527CE52C500A10AD0 /* ViewController.swift */,
			);
			path = Controller;
			sourceTree = "<group>";
		};
		047C6D0527CE52C500A10AD0 = {
			isa = PBXGroup;
			children = (
				0419592F27CF82A100C63333 /* CoinModel.swift */,
				047C6D1027CE52C500A10AD0 /* Coin */,
				047C6D2727CE52C800A10AD0 /* CoinTests */,
				047C6D3127CE52C800A10AD0 /* CoinUITests */,
				047C6D0F27CE52C500A10AD0 /* Products */,
			);
			sourceTree = "<group>";
		};
		047C6D0F27CE52C500A10AD0 /* Products */ = {
			isa = PBXGroup;
			children = (
				047C6D0E27CE52C500A10AD0 /* Coin.app */,
				047C6D2427CE52C800A10AD0 /* CoinTests.xctest */,
				047C6D2E27CE52C800A10AD0 /* CoinUITests.xctest */,
			);
			name = Products;
			sourceTree = "<group>";
		};
		047C6D1027CE52C500A10AD0 /* Coin */ = {
			isa = PBXGroup;
			children = (
				04119D0E27CF519100C102EA /* Model */,
				047C6D1127CE52C500A10AD0 /* AppDelegate.swift */,
				047C6D1327CE52C500A10AD0 /* SceneDelegate.swift */,
				04119D1327CF51CE00C102EA /* Controller */,
				047C6D1A27CE52C700A10AD0 /* Assets.xcassets */,
				047C6D1C27CE52C700A10AD0 /* LaunchScreen.storyboard */,
				047C6D1F27CE52C700A10AD0 /* Info.plist */,
			);
			path = Coin;
			sourceTree = "<group>";
		};
		047C6D2727CE52C800A10AD0 /* CoinTests */ = {
			isa = PBXGroup;
			children = (
				047C6D2827CE52C800A10AD0 /* CoinTests.swift */,
			);
			path = CoinTests;
			sourceTree = "<group>";
		};
		047C6D3127CE52C800A10AD0 /* CoinUITests */ = {
			isa = PBXGroup;
			children = (
				047C6D3227CE52C800A10AD0 /* CoinUITests.swift */,
				047C6D3427CE52C800A10AD0 /* CoinUITestsLaunchTests.swift */,
			);
			path = CoinUITests;
			sourceTree = "<group>";
		};
/* End PBXGroup section */

/* Begin PBXNativeTarget section */
		047C6D0D27CE52C500A10AD0 /* Coin */ = {
			isa = PBXNativeTarget;
			buildConfigurationList = 047C6D3827CE52C800A10AD0 /* Build configuration list for PBXNativeTarget "Coin" */;
			buildPhases = (
				047C6D0A27CE52C500A10AD0 /* Sources */,
				047C6D0B27CE52C500A10AD0 /* Frameworks */,
				047C6D0C27CE52C500A10AD0 /* Resources */,
			);
			buildRules = (
			);
			dependencies = (
			);
			name = Coin;
			productName = Coin;
			productReference = 047C6D0E27CE52C500A10AD0 /* Coin.app */;
			productType = "com.apple.product-type.application";
		};
		047C6D2327CE52C800A10AD0 /* CoinTests */ = {
			isa = PBXNativeTarget;
			buildConfigurationList = 047C6D3B27CE52C800A10AD0 /* Build configuration list for PBXNativeTarget "CoinTests" */;
			buildPhases = (
				047C6D2027CE52C800A10AD0 /* Sources */,
				047C6D2127CE52C800A10AD0 /* Frameworks */,
				047C6D2227CE52C800A10AD0 /* Resources */,
			);
			buildRules = (
			);
			dependencies = (
				047C6D2627CE52C800A10AD0 /* PBXTargetDependency */,
			);
			name = CoinTests;
			productName = CoinTests;
			productReference = 047C6D2427CE52C800A10AD0 /* CoinTests.xctest */;
			productType = "com.apple.product-type.bundle.unit-test";
		};
		047C6D2D27CE52C800A10AD0 /* CoinUITests */ = {
			isa = PBXNativeTarget;
			buildConfigurationList = 047C6D3E27CE52C800A10AD0 /* Build configuration list for PBXNativeTarget "CoinUITests" */;
			buildPhases = (
				047C6D2A27CE52C800A10AD0 /* Sources */,
				047C6D2B27CE52C800A10AD0 /* Frameworks */,
				047C6D2C27CE52C800A10AD0 /* Resources */,
			);
			buildRules = (
			);
			dependencies = (
				047C6D3027CE52C800A10AD0 /* PBXTargetDependency */,
			);
			name = CoinUITests;
			productName = CoinUITests;
			productReference = 047C6D2E27CE52C800A10AD0 /* CoinUITests.xctest */;
			productType = "com.apple.product-type.bundle.ui-testing";
		};
/* End PBXNativeTarget section */

/* Begin PBXProject section */
		047C6D0627CE52C500A10AD0 /* Project object */ = {
			isa = PBXProject;
			attributes = {
				BuildIndependentTargetsInParallel = 1;
				LastSwiftUpdateCheck = 1320;
				LastUpgradeCheck = 1320;
				TargetAttributes = {
					047C6D0D27CE52C500A10AD0 = {
						CreatedOnToolsVersion = 13.2.1;
					};
					047C6D2327CE52C800A10AD0 = {
						CreatedOnToolsVersion = 13.2.1;
						TestTargetID = 047C6D0D27CE52C500A10AD0;
					};
					047C6D2D27CE52C800A10AD0 = {
						CreatedOnToolsVersion = 13.2.1;
						TestTargetID = 047C6D0D27CE52C500A10AD0;
					};
				};
			};
			buildConfigurationList = 047C6D0927CE52C500A10AD0 /* Build configuration list for PBXProject "Coin" */;
			compatibilityVersion = "Xcode 13.0";
			developmentRegion = en;
			hasScannedForEncodings = 0;
			knownRegions = (
				en,
				Base,
			);
			mainGroup = 047C6D0527CE52C500A10AD0;
			productRefGroup = 047C6D0F27CE52C500A10AD0 /* Products */;
			projectDirPath = "";
			projectRoot = "";
			targets = (
				047C6D0D27CE52C500A10AD0 /* Coin */,
				047C6D2327CE52C800A10AD0 /* CoinTests */,
				047C6D2D27CE52C800A10AD0 /* CoinUITests */,
			);
		};
/* End PBXProject section */

/* Begin PBXResourcesBuildPhase section */
		047C6D0C27CE52C500A10AD0 /* Resources */ = {
			isa = PBXResourcesBuildPhase;
			buildActionMask = 2147483647;
			files = (
				047C6D1E27CE52C700A10AD0 /* LaunchScreen.storyboard in Resources */,
				047C6D1B27CE52C700A10AD0 /* Assets.xcassets in Resources */,
				047C6D1927CE52C500A10AD0 /* Main.storyboard in Resources */,
			);
			runOnlyForDeploymentPostprocessing = 0;
		};
		047C6D2227CE52C800A10AD0 /* Resources */ = {
			isa = PBXResourcesBuildPhase;
			buildActionMask = 2147483647;
			files = (
			);
			runOnlyForDeploymentPostprocessing = 0;
		};
		047C6D2C27CE52C800A10AD0 /* Resources */ = {
			isa = PBXResourcesBuildPhase;
			buildActionMask = 2147483647;
			files = (
			);
			runOnlyForDeploymentPostprocessing = 0;
		};
/* End PBXResourcesBuildPhase section */

/* Begin PBXSourcesBuildPhase section */
		047C6D0A27CE52C500A10AD0 /* Sources */ = {
			isa = PBXSourcesBuildPhase;
			buildActionMask = 2147483647;
			files = (
				047C6D1627CE52C500A10AD0 /* ViewController.swift in Sources */,
				047C6D1227CE52C500A10AD0 /* AppDelegate.swift in Sources */,
				047C6D1427CE52C500A10AD0 /* SceneDelegate.swift in Sources */,
				04119D1027CF51B200C102EA /* CoinData.swift in Sources */,
				0419593027CF82A100C63333 /* CoinModel.swift in Sources */,
				04119D1227CF51C100C102EA /* Manager.swift in Sources */,
			);
			runOnlyForDeploymentPostprocessing = 0;
		};
		047C6D2027CE52C800A10AD0 /* Sources */ = {
			isa = PBXSourcesBuildPhase;
			buildActionMask = 2147483647;
			files = (
				047C6D2927CE52C800A10AD0 /* CoinTests.swift in Sources */,
			);
			runOnlyForDeploymentPostprocessing = 0;
		};
		047C6D2A27CE52C800A10AD0 /* Sources */ = {
			isa = PBXSourcesBuildPhase;
			buildActionMask = 2147483647;
			files = (
				047C6D3327CE52C800A10AD0 /* CoinUITests.swift in Sources */,
				047C6D3527CE52C800A10AD0 /* CoinUITestsLaunchTests.swift in Sources */,
			);
			runOnlyForDeploymentPostprocessing = 0;
		};
/* End PBXSourcesBuildPhase section */

/* Begin PBXTargetDependency section */
		047C6D2627CE52C800A10AD0 /* PBXTargetDependency */ = {
			isa = PBXTargetDependency;
			target = 047C6D0D27CE52C500A10AD0 /* Coin */;
			targetProxy = 047C6D2527CE52C800A10AD0 /* PBXContainerItemProxy */;
		};
		047C6D3027CE52C800A10AD0 /* PBXTargetDependency */ = {
			isa = PBXTargetDependency;
			target = 047C6D0D27CE52C500A10AD0 /* Coin */;
			targetProxy = 047C6D2F27CE52C800A10AD0 /* PBXContainerItemProxy */;
		};
/* End PBXTargetDependency section */

/* Begin PBXVariantGroup section */
		047C6D1727CE52C500A10AD0 /* Main.storyboard */ = {
			isa = PBXVariantGroup;
			children = (
				047C6D1827CE52C500A10AD0 /* Base */,
			);
			name = Main.storyboard;
			sourceTree = "<group>";
		};
		047C6D1C27CE52C700A10AD0 /* LaunchScreen.storyboard */ = {
			isa = PBXVariantGroup;
			children = (
				047C6D1D27CE52C700A10AD0 /* Base */,
			);
			name = LaunchScreen.storyboard;
			sourceTree = "<group>";
		};
/* End PBXVariantGroup section */

/* Begin XCBuildConfiguration section */
		047C6D3627CE52C800A10AD0 /* Debug */ = {
			isa = XCBuildConfiguration;
			buildSettings = {
				ALWAYS_SEARCH_USER_PATHS = NO;
				CLANG_ANALYZER_NONNULL = YES;
				CLANG_ANALYZER_NUMBER_OBJECT_CONVERSION = YES_AGGRESSIVE;
				CLANG_CXX_LANGUAGE_STANDARD = "gnu++17";
				CLANG_CXX_LIBRARY = "libc++";
				CLANG_ENABLE_MODULES = YES;
				CLANG_ENABLE_OBJC_ARC = YES;
				CLANG_ENABLE_OBJC_WEAK = YES;
				CLANG_WARN_BLOCK_CAPTURE_AUTORELEASING = YES;
				CLANG_WARN_BOOL_CONVERSION = YES;
				CLANG_WARN_COMMA = YES;
				CLANG_WARN_CONSTANT_CONVERSION = YES;
				CLANG_WARN_DEPRECATED_OBJC_IMPLEMENTATIONS = YES;
				CLANG_WARN_DIRECT_OBJC_ISA_USAGE = YES_ERROR;
				CLANG_WARN_DOCUMENTATION_COMMENTS = YES;
				CLANG_WARN_EMPTY_BODY = YES;
				CLANG_WARN_ENUM_CONVERSION = YES;
				CLANG_WARN_INFINITE_RECURSION = YES;
				CLANG_WARN_INT_CONVERSION = YES;
				CLANG_WARN_NON_LITERAL_NULL_CONVERSION = YES;
				CLANG_WARN_OBJC_IMPLICIT_RETAIN_SELF = YES;
				CLANG_WARN_OBJC_LITERAL_CONVERSION = YES;
				CLANG_WARN_OBJC_ROOT_CLASS = YES_ERROR;
				CLANG_WARN_QUOTED_INCLUDE_IN_FRAMEWORK_HEADER = YES;
				CLANG_WARN_RANGE_LOOP_ANALYSIS = YES;
				CLANG_WARN_STRICT_PROTOTYPES = YES;
				CLANG_WARN_SUSPICIOUS_MOVE = YES;
				CLANG_WARN_UNGUARDED_AVAILABILITY = YES_AGGRESSIVE;
				CLANG_WARN_UNREACHABLE_CODE = YES;
				CLANG_WARN__DUPLICATE_METHOD_MATCH = YES;
				COPY_PHASE_STRIP = NO;
				DEBUG_INFORMATION_FORMAT = dwarf;
				ENABLE_STRICT_OBJC_MSGSEND = YES;
				ENABLE_TESTABILITY = YES;
				GCC_C_LANGUAGE_STANDARD = gnu11;
				GCC_DYNAMIC_NO_PIC = NO;
				GCC_NO_COMMON_BLOCKS = YES;
				GCC_OPTIMIZATION_LEVEL = 0;
				GCC_PREPROCESSOR_DEFINITIONS = (
					"DEBUG=1",
					"$(inherited)",
				);
				GCC_WARN_64_TO_32_BIT_CONVERSION = YES;
				GCC_WARN_ABOUT_RETURN_TYPE = YES_ERROR;
				GCC_WARN_UNDECLARED_SELECTOR = YES;
				GCC_WARN_UNINITIALIZED_AUTOS = YES_AGGRESSIVE;
				GCC_WARN_UNUSED_FUNCTION = YES;
				GCC_WARN_UNUSED_VARIABLE = YES;
				IPHONEOS_DEPLOYMENT_TARGET = 15.2;
				MTL_ENABLE_DEBUG_INFO = INCLUDE_SOURCE;
				MTL_FAST_MATH = YES;
				ONLY_ACTIVE_ARCH = YES;
				SDKROOT = iphoneos;
				SWIFT_ACTIVE_COMPILATION_CONDITIONS = DEBUG;
				SWIFT_OPTIMIZATION_LEVEL = "-Onone";
			};
			name = Debug;
		};
		047C6D3727CE52C800A10AD0 /* Release */ = {
			isa = XCBuildConfiguration;
			buildSettings = {
				ALWAYS_SEARCH_USER_PATHS = NO;
				CLANG_ANALYZER_NONNULL = YES;
				CLANG_ANALYZER_NUMBER_OBJECT_CONVERSION = YES_AGGRESSIVE;
				CLANG_CXX_LANGUAGE_STANDARD = "gnu++17";
				CLANG_CXX_LIBRARY = "libc++";
				CLANG_ENABLE_MODULES = YES;
				CLANG_ENABLE_OBJC_ARC = YES;
				CLANG_ENABLE_OBJC_WEAK = YES;
				CLANG_WARN_BLOCK_CAPTURE_AUTORELEASING = YES;
				CLANG_WARN_BOOL_CONVERSION = YES;
				CLANG_WARN_COMMA = YES;
				CLANG_WARN_CONSTANT_CONVERSION = YES;
				CLANG_WARN_DEPRECATED_OBJC_IMPLEMENTATIONS = YES;
				CLANG_WARN_DIRECT_OBJC_ISA_USAGE = YES_ERROR;
				CLANG_WARN_DOCUMENTATION_COMMENTS = YES;
				CLANG_WARN_EMPTY_BODY = YES;
				CLANG_WARN_ENUM_CONVERSION = YES;
				CLANG_WARN_INFINITE_RECURSION = YES;
				CLANG_WARN_INT_CONVERSION = YES;
				CLANG_WARN_NON_LITERAL_NULL_CONVERSION = YES;
				CLANG_WARN_OBJC_IMPLICIT_RETAIN_SELF = YES;
				CLANG_WARN_OBJC_LITERAL_CONVERSION = YES;
				CLANG_WARN_OBJC_ROOT_CLASS = YES_ERROR;
				CLANG_WARN_QUOTED_INCLUDE_IN_FRAMEWORK_HEADER = YES;
				CLANG_WARN_RANGE_LOOP_ANALYSIS = YES;
				CLANG_WARN_STRICT_PROTOTYPES = YES;
				CLANG_WARN_SUSPICIOUS_MOVE = YES;
				CLANG_WARN_UNGUARDED_AVAILABILITY = YES_AGGRESSIVE;
				CLANG_WARN_UNREACHABLE_CODE = YES;
				CLANG_WARN__DUPLICATE_METHOD_MATCH = YES;
				COPY_PHASE_STRIP = NO;
				DEBUG_INFORMATION_FORMAT = "dwarf-with-dsym";
				ENABLE_NS_ASSERTIONS = NO;
				ENABLE_STRICT_OBJC_MSGSEND = YES;
				GCC_C_LANGUAGE_STANDARD = gnu11;
				GCC_NO_COMMON_BLOCKS = YES;
				GCC_WARN_64_TO_32_BIT_CONVERSION = YES;
				GCC_WARN_ABOUT_RETURN_TYPE = YES_ERROR;
				GCC_WARN_UNDECLARED_SELECTOR = YES;
				GCC_WARN_UNINITIALIZED_AUTOS = YES_AGGRESSIVE;
				GCC_WARN_UNUSED_FUNCTION = YES;
				GCC_WARN_UNUSED_VARIABLE = YES;
				IPHONEOS_DEPLOYMENT_TARGET = 15.2;
				MTL_ENABLE_DEBUG_INFO = NO;
				MTL_FAST_MATH = YES;
				SDKROOT = iphoneos;
				SWIFT_COMPILATION_MODE = wholemodule;
				SWIFT_OPTIMIZATION_LEVEL = "-O";
				VALIDATE_PRODUCT = YES;
			};
			name = Release;
		};
		047C6D3927CE52C800A10AD0 /* Debug */ = {
			isa = XCBuildConfiguration;
			buildSettings = {
				ASSETCATALOG_COMPILER_APPICON_NAME = AppIcon;
				ASSETCATALOG_COMPILER_GLOBAL_ACCENT_COLOR_NAME = AccentColor;
				CODE_SIGN_STYLE = Automatic;
				CURRENT_PROJECT_VERSION = 1;
				DEVELOPMENT_TEAM = 5965NY4384;
				GENERATE_INFOPLIST_FILE = YES;
				INFOPLIST_FILE = Coin/Info.plist;
				INFOPLIST_KEY_UIApplicationSupportsIndirectInputEvents = YES;
				INFOPLIST_KEY_UILaunchStoryboardName = LaunchScreen;
				INFOPLIST_KEY_UIMainStoryboardFile = Main;
				INFOPLIST_KEY_UISupportedInterfaceOrientations_iPad = "UIInterfaceOrientationPortrait UIInterfaceOrientationPortraitUpsideDown UIInterfaceOrientationLandscapeLeft UIInterfaceOrientationLandscapeRight";
				INFOPLIST_KEY_UISupportedInterfaceOrientations_iPhone = "UIInterfaceOrientationPortrait UIInterfaceOrientationLandscapeLeft UIInterfaceOrientationLandscapeRight";
				LD_RUNPATH_SEARCH_PATHS = (
					"$(inherited)",
					"@executable_path/Frameworks",
				);
				MARKETING_VERSION = 1.0;
				PRODUCT_BUNDLE_IDENTIFIER = com.egebarkod.Coin;
				PRODUCT_NAME = "$(TARGET_NAME)";
				SWIFT_EMIT_LOC_STRINGS = YES;
				SWIFT_VERSION = 5.0;
				TARGETED_DEVICE_FAMILY = "1,2";
			};
			name = Debug;
		};
		047C6D3A27CE52C800A10AD0 /* Release */ = {
			isa = XCBuildConfiguration;
			buildSettings = {
				ASSETCATALOG_COMPILER_APPICON_NAME = AppIcon;
				ASSETCATALOG_COMPILER_GLOBAL_ACCENT_COLOR_NAME = AccentColor;
				CODE_SIGN_STYLE = Automatic;
				CURRENT_PROJECT_VERSION = 1;
				DEVELOPMENT_TEAM = 5965NY4384;
				GENERATE_INFOPLIST_FILE = YES;
				INFOPLIST_FILE = Coin/Info.plist;
				INFOPLIST_KEY_UIApplicationSupportsIndirectInputEvents = YES;
				INFOPLIST_KEY_UILaunchStoryboardName = LaunchScreen;
				INFOPLIST_KEY_UIMainStoryboardFile = Main;
				INFOPLIST_KEY_UISupportedInterfaceOrientations_iPad = "UIInterfaceOrientationPortrait UIInterfaceOrientationPortraitUpsideDown UIInterfaceOrientationLandscapeLeft UIInterfaceOrientationLandscapeRight";
				INFOPLIST_KEY_UISupportedInterfaceOrientations_iPhone = "UIInterfaceOrientationPortrait UIInterfaceOrientationLandscapeLeft UIInterfaceOrientationLandscapeRight";
				LD_RUNPATH_SEARCH_PATHS = (
					"$(inherited)",
					"@executable_path/Frameworks",
				);
				MARKETING_VERSION = 1.0;
				PRODUCT_BUNDLE_IDENTIFIER = com.egebarkod.Coin;
				PRODUCT_NAME = "$(TARGET_NAME)";
				SWIFT_EMIT_LOC_STRINGS = YES;
				SWIFT_VERSION = 5.0;
				TARGETED_DEVICE_FAMILY = "1,2";
			};
			name = Release;
		};
		047C6D3C27CE52C800A10AD0 /* Debug */ = {
			isa = XCBuildConfiguration;
			buildSettings = {
				ALWAYS_EMBED_SWIFT_STANDARD_LIBRARIES = YES;
				BUNDLE_LOADER = "$(TEST_HOST)";
				CODE_SIGN_STYLE = Automatic;
				CURRENT_PROJECT_VERSION = 1;
				DEVELOPMENT_TEAM = 5965NY4384;
				GENERATE_INFOPLIST_FILE = YES;
				IPHONEOS_DEPLOYMENT_TARGET = 15.2;
				MARKETING_VERSION = 1.0;
				PRODUCT_BUNDLE_IDENTIFIER = com.egebarkod.CoinTests;
				PRODUCT_NAME = "$(TARGET_NAME)";
				SWIFT_EMIT_LOC_STRINGS = NO;
				SWIFT_VERSION = 5.0;
				TARGETED_DEVICE_FAMILY = "1,2";
				TEST_HOST = "$(BUILT_PRODUCTS_DIR)/Coin.app/Coin";
			};
			name = Debug;
		};
		047C6D3D27CE52C800A10AD0 /* Release */ = {
			isa = XCBuildConfiguration;
			buildSettings = {
				ALWAYS_EMBED_SWIFT_STANDARD_LIBRARIES = YES;
				BUNDLE_LOADER = "$(TEST_HOST)";
				CODE_SIGN_STYLE = Automatic;
				CURRENT_PROJECT_VERSION = 1;
				DEVELOPMENT_TEAM = 5965NY4384;
				GENERATE_INFOPLIST_FILE = YES;
				IPHONEOS_DEPLOYMENT_TARGET = 15.2;
				MARKETING_VERSION = 1.0;
				PRODUCT_BUNDLE_IDENTIFIER = com.egebarkod.CoinTests;
				PRODUCT_NAME = "$(TARGET_NAME)";
				SWIFT_EMIT_LOC_STRINGS = NO;
				SWIFT_VERSION = 5.0;
				TARGETED_DEVICE_FAMILY = "1,2";
				TEST_HOST = "$(BUILT_PRODUCTS_DIR)/Coin.app/Coin";
			};
			name = Release;
		};
		047C6D3F27CE52C800A10AD0 /* Debug */ = {
			isa = XCBuildConfiguration;
			buildSettings = {
				ALWAYS_EMBED_SWIFT_STANDARD_LIBRARIES = YES;
				CODE_SIGN_STYLE = Automatic;
				CURRENT_PROJECT_VERSION = 1;
				DEVELOPMENT_TEAM = 5965NY4384;
				GENERATE_INFOPLIST_FILE = YES;
				MARKETING_VERSION = 1.0;
				PRODUCT_BUNDLE_IDENTIFIER = com.egebarkod.CoinUITests;
				PRODUCT_NAME = "$(TARGET_NAME)";
				SWIFT_EMIT_LOC_STRINGS = NO;
				SWIFT_VERSION = 5.0;
				TARGETED_DEVICE_FAMILY = "1,2";
				TEST_TARGET_NAME = Coin;
			};
			name = Debug;
		};
		047C6D4027CE52C800A10AD0 /* Release */ = {
			isa = XCBuildConfiguration;
			buildSettings = {
				ALWAYS_EMBED_SWIFT_STANDARD_LIBRARIES = YES;
				CODE_SIGN_STYLE = Automatic;
				CURRENT_PROJECT_VERSION = 1;
				DEVELOPMENT_TEAM = 5965NY4384;
				GENERATE_INFOPLIST_FILE = YES;
				MARKETING_VERSION = 1.0;
				PRODUCT_BUNDLE_IDENTIFIER = com.egebarkod.CoinUITests;
				PRODUCT_NAME = "$(TARGET_NAME)";
				SWIFT_EMIT_LOC_STRINGS = NO;
				SWIFT_VERSION = 5.0;
				TARGETED_DEVICE_FAMILY = "1,2";
				TEST_TARGET_NAME = Coin;
			};
			name = Release;
		};
/* End XCBuildConfiguration section */

/* Begin XCConfigurationList section */
		047C6D0927CE52C500A10AD0 /* Build configuration list for PBXProject "Coin" */ = {
			isa = XCConfigurationList;
			buildConfigurations = (
				047C6D3627CE52C800A10AD0 /* Debug */,
				047C6D3727CE52C800A10AD0 /* Release */,
			);
			defaultConfigurationIsVisible = 0;
			defaultConfigurationName = Release;
		};
		047C6D3827CE52C800A10AD0 /* Build configuration list for PBXNativeTarget "Coin" */ = {
			isa = XCConfigurationList;
			buildConfigurations = (
				047C6D3927CE52C800A10AD0 /* Debug */,
				047C6D3A27CE52C800A10AD0 /* Release */,
			);
			defaultConfigurationIsVisible = 0;
			defaultConfigurationName = Release;
		};
		047C6D3B27CE52C800A10AD0 /* Build configuration list for PBXNativeTarget "CoinTests" */ = {
			isa = XCConfigurationList;
			buildConfigurations = (
				047C6D3C27CE52C800A10AD0 /* Debug */,
				047C6D3D27CE52C800A10AD0 /* Release */,
			);
			defaultConfigurationIsVisible = 0;
			defaultConfigurationName = Release;
		};
		047C6D3E27CE52C800A10AD0 /* Build configuration list for PBXNativeTarget "CoinUITests" */ = {
			isa = XCConfigurationList;
			buildConfigurations = (
				047C6D3F27CE52C800A10AD0 /* Debug */,
				047C6D4027CE52C800A10AD0 /* Release */,
			);
			defaultConfigurationIsVisible = 0;
			defaultConfigurationName = Release;
		};
/* End XCConfigurationList section */
	};
	rootObject = 047C6D0627CE52C500A10AD0 /* Project object */;
}
